
Microsoft Visual Studio Solution File, Format Version 12.00
# Visual Studio 14
VisualStudioVersion = 14.0.25420.1
MinimumVisualStudioVersion = 10.0.40219.1
Project("{FAE04EC0-301F-11D3-BF4B-00C04F79EFBC}") = "BLogicReport", "BLogicReport\BLogicReport\BLogicReport.csproj", "{3D3C36BF-E736-4A59-BD50-F7EAA6DFDC8E}"
EndProject
Project("{FAE04EC0-301F-11D3-BF4B-00C04F79EFBC}") = "BLogicReport.Droid", "BLogicReport\BLogicReport.Droid\BLogicReport.Droid.csproj", "{3935FB17-4770-4620-B1FB-279BD109A04D}"
EndProject
Project("{FAE04EC0-301F-11D3-BF4B-00C04F79EFBC}") = "BLogicReport.iOS", "BLogicReport\BLogicReport.iOS\BLogicReport.iOS.csproj", "{A980D1D9-34B4-40A7-8AD7-F802027D0F97}"
EndProject
Global
	GlobalSection(SolutionConfigurationPlatforms) = preSolution
		Ad-Hoc|Any CPU = Ad-Hoc|Any CPU
		Ad-Hoc|ARM = Ad-Hoc|ARM
		Ad-Hoc|iPhone = Ad-Hoc|iPhone
		Ad-Hoc|iPhoneSimulator = Ad-Hoc|iPhoneSimulator
		Ad-Hoc|x64 = Ad-Hoc|x64
		Ad-Hoc|x86 = Ad-Hoc|x86
		AppStore|Any CPU = AppStore|Any CPU
		AppStore|ARM = AppStore|ARM
		AppStore|iPhone = AppStore|iPhone
		AppStore|iPhoneSimulator = AppStore|iPhoneSimulator
		AppStore|x64 = AppStore|x64
		AppStore|x86 = AppStore|x86
		Debug|Any CPU = Debug|Any CPU
		Debug|ARM = Debug|ARM
		Debug|iPhone = Debug|iPhone
		Debug|iPhoneSimulator = Debug|iPhoneSimulator
		Debug|x64 = Debug|x64
		Debug|x86 = Debug|x86
		Release|Any CPU = Release|Any CPU
		Release|ARM = Release|ARM
		Release|iPhone = Release|iPhone
		Release|iPhoneSimulator = Release|iPhoneSimulator
		Release|x64 = Release|x64
		Release|x86 = Release|x86
	EndGlobalSection
	GlobalSection(ProjectConfigurationPlatforms) = postSolution
		{3D3C36BF-E736-4A59-BD50-F7EAA6DFDC8E}.Ad-Hoc|Any CPU.ActiveCfg = Release|Any CPU
		{3D3C36BF-E736-4A59-BD50-F7EAA6DFDC8E}.Ad-Hoc|Any CPU.Build.0 = Release|Any CPU
		{3D3C36BF-E736-4A59-BD50-F7EAA6DFDC8E}.Ad-Hoc|ARM.ActiveCfg = Release|Any CPU
		{3D3C36BF-E736-4A59-BD50-F7EAA6DFDC8E}.Ad-Hoc|ARM.Build.0 = Release|Any CPU
		{3D3C36BF-E736-4A59-BD50-F7EAA6DFDC8E}.Ad-Hoc|iPhone.ActiveCfg = Release|Any CPU
		{3D3C36BF-E736-4A59-BD50-F7EAA6DFDC8E}.Ad-Hoc|iPhone.Build.0 = Release|Any CPU
		{3D3C36BF-E736-4A59-BD50-F7EAA6DFDC8E}.Ad-Hoc|iPhoneSimulator.ActiveCfg = Release|Any CPU
		{3D3C36BF-E736-4A59-BD50-F7EAA6DFDC8E}.Ad-Hoc|iPhoneSimulator.Build.0 = Release|Any CPU
		{3D3C36BF-E736-4A59-BD50-F7EAA6DFDC8E}.Ad-Hoc|x64.ActiveCfg = Release|Any CPU
		{3D3C36BF-E736-4A59-BD50-F7EAA6DFDC8E}.Ad-Hoc|x64.Build.0 = Release|Any CPU
		{3D3C36BF-E736-4A59-BD50-F7EAA6DFDC8E}.Ad-Hoc|x86.ActiveCfg = Release|Any CPU
		{3D3C36BF-E736-4A59-BD50-F7EAA6DFDC8E}.Ad-Hoc|x86.Build.0 = Release|Any CPU
		{3D3C36BF-E736-4A59-BD50-F7EAA6DFDC8E}.AppStore|Any CPU.ActiveCfg = Release|Any CPU
		{3D3C36BF-E736-4A59-BD50-F7EAA6DFDC8E}.AppStore|Any CPU.Build.0 = Release|Any CPU
		{3D3C36BF-E736-4A59-BD50-F7EAA6DFDC8E}.AppStore|ARM.ActiveCfg = Release|Any CPU
		{3D3C36BF-E736-4A59-BD50-F7EAA6DFDC8E}.AppStore|ARM.Build.0 = Release|Any CPU
		{3D3C36BF-E736-4A59-BD50-F7EAA6DFDC8E}.AppStore|iPhone.ActiveCfg = Release|Any CPU
		{3D3C36BF-E736-4A59-BD50-F7EAA6DFDC8E}.AppStore|iPhone.Build.0 = Release|Any CPU
		{3D3C36BF-E736-4A59-BD50-F7EAA6DFDC8E}.AppStore|iPhoneSimulator.ActiveCfg = Release|Any CPU
		{3D3C36BF-E736-4A59-BD50-F7EAA6DFDC8E}.AppStore|iPhoneSimulator.Build.0 = Release|Any CPU
		{3D3C36BF-E736-4A59-BD50-F7EAA6DFDC8E}.AppStore|x64.ActiveCfg = Release|Any CPU
		{3D3C36BF-E736-4A59-BD50-F7EAA6DFDC8E}.AppStore|x64.Build.0 = Release|Any CPU
		{3D3C36BF-E736-4A59-BD50-F7EAA6DFDC8E}.AppStore|x86.ActiveCfg = Release|Any CPU
		{3D3C36BF-E736-4A59-BD50-F7EAA6DFDC8E}.AppStore|x86.Build.0 = Release|Any CPU
		{3D3C36BF-E736-4A59-BD50-F7EAA6DFDC8E}.Debug|Any CPU.ActiveCfg = Debug|Any CPU
		{3D3C36BF-E736-4A59-BD50-F7EAA6DFDC8E}.Debug|Any CPU.Build.0 = Debug|Any CPU
		{3D3C36BF-E736-4A59-BD50-F7EAA6DFDC8E}.Debug|ARM.ActiveCfg = Debug|Any CPU
		{3D3C36BF-E736-4A59-BD50-F7EAA6DFDC8E}.Debug|ARM.Build.0 = Debug|Any CPU
		{3D3C36BF-E736-4A59-BD50-F7EAA6DFDC8E}.Debug|iPhone.ActiveCfg = Debug|Any CPU
		{3D3C36BF-E736-4A59-BD50-F7EAA6DFDC8E}.Debug|iPhone.Build.0 = Debug|Any CPU
		{3D3C36BF-E736-4A59-BD50-F7EAA6DFDC8E}.Debug|iPhoneSimulator.ActiveCfg = Debug|Any CPU
		{3D3C36BF-E736-4A59-BD50-F7EAA6DFDC8E}.Debug|iPhoneSimulator.Build.0 = Debug|Any CPU
		{3D3C36BF-E736-4A59-BD50-F7EAA6DFDC8E}.Debug|x64.ActiveCfg = Debug|Any CPU
		{3D3C36BF-E736-4A59-BD50-F7EAA6DFDC8E}.Debug|x64.Build.0 = Debug|Any CPU
		{3D3C36BF-E736-4A59-BD50-F7EAA6DFDC8E}.Debug|x86.ActiveCfg = Debug|Any CPU
		{3D3C36BF-E736-4A59-BD50-F7EAA6DFDC8E}.Debug|x86.Build.0 = Debug|Any CPU
		{3D3C36BF-E736-4A59-BD50-F7EAA6DFDC8E}.Release|Any CPU.ActiveCfg = Release|Any CPU
		{3D3C36BF-E736-4A59-BD50-F7EAA6DFDC8E}.Release|Any CPU.Build.0 = Release|Any CPU
		{3D3C36BF-E736-4A59-BD50-F7EAA6DFDC8E}.Release|ARM.ActiveCfg = Release|Any CPU
		{3D3C36BF-E736-4A59-BD50-F7EAA6DFDC8E}.Release|ARM.Build.0 = Release|Any CPU
		{3D3C36BF-E736-4A59-BD50-F7EAA6DFDC8E}.Release|iPhone.ActiveCfg = Release|Any CPU
		{3D3C36BF-E736-4A59-BD50-F7EAA6DFDC8E}.Release|iPhone.Build.0 = Release|Any CPU
		{3D3C36BF-E736-4A59-BD50-F7EAA6DFDC8E}.Release|iPhoneSimulator.ActiveCfg = Release|Any CPU
		{3D3C36BF-E736-4A59-BD50-F7EAA6DFDC8E}.Release|iPhoneSimulator.Build.0 = Release|Any CPU
		{3D3C36BF-E736-4A59-BD50-F7EAA6DFDC8E}.Release|x64.ActiveCfg = Release|Any CPU
		{3D3C36BF-E736-4A59-BD50-F7EAA6DFDC8E}.Release|x64.Build.0 = Release|Any CPU
		{3D3C36BF-E736-4A59-BD50-F7EAA6DFDC8E}.Release|x86.ActiveCfg = Release|Any CPU
		{3D3C36BF-E736-4A59-BD50-F7EAA6DFDC8E}.Release|x86.Build.0 = Release|Any CPU
		{3935FB17-4770-4620-B1FB-279BD109A04D}.Ad-Hoc|Any CPU.ActiveCfg = Release|Any CPU
		{3935FB17-4770-4620-B1FB-279BD109A04D}.Ad-Hoc|Any CPU.Build.0 = Release|Any CPU
		{3935FB17-4770-4620-B1FB-279BD109A04D}.Ad-Hoc|Any CPU.Deploy.0 = Release|Any CPU
		{3935FB17-4770-4620-B1FB-279BD109A04D}.Ad-Hoc|ARM.ActiveCfg = Release|Any CPU
		{3935FB17-4770-4620-B1FB-279BD109A04D}.Ad-Hoc|ARM.Build.0 = Release|Any CPU
		{3935FB17-4770-4620-B1FB-279BD109A04D}.Ad-Hoc|ARM.Deploy.0 = Release|Any CPU
		{3935FB17-4770-4620-B1FB-279BD109A04D}.Ad-Hoc|iPhone.ActiveCfg = Release|Any CPU
		{3935FB17-4770-4620-B1FB-279BD109A04D}.Ad-Hoc|iPhone.Build.0 = Release|Any CPU
		{3935FB17-4770-4620-B1FB-279BD109A04D}.Ad-Hoc|iPhone.Deploy.0 = Release|Any CPU
		{3935FB17-4770-4620-B1FB-279BD109A04D}.Ad-Hoc|iPhoneSimulator.ActiveCfg = Release|Any CPU
		{3935FB17-4770-4620-B1FB-279BD109A04D}.Ad-Hoc|iPhoneSimulator.Build.0 = Release|Any CPU
		{3935FB17-4770-4620-B1FB-279BD109A04D}.Ad-Hoc|iPhoneSimulator.Deploy.0 = Release|Any CPU
		{3935FB17-4770-4620-B1FB-279BD109A04D}.Ad-Hoc|x64.ActiveCfg = Release|Any CPU
		{3935FB17-4770-4620-B1FB-279BD109A04D}.Ad-Hoc|x64.Build.0 = Release|Any CPU
		{3935FB17-4770-4620-B1FB-279BD109A04D}.Ad-Hoc|x64.Deploy.0 = Release|Any CPU
		{3935FB17-4770-4620-B1FB-279BD109A04D}.Ad-Hoc|x86.ActiveCfg = Release|Any CPU
		{3935FB17-4770-4620-B1FB-279BD109A04D}.Ad-Hoc|x86.Build.0 = Release|Any CPU
		{3935FB17-4770-4620-B1FB-279BD109A04D}.Ad-Hoc|x86.Deploy.0 = Release|Any CPU
		{3935FB17-4770-4620-B1FB-279BD109A04D}.AppStore|Any CPU.ActiveCfg = Release|Any CPU
		{3935FB17-4770-4620-B1FB-279BD109A04D}.AppStore|Any CPU.Build.0 = Release|Any CPU
		{3935FB17-4770-4620-B1FB-279BD109A04D}.AppStore|Any CPU.Deploy.0 = Release|Any CPU
		{3935FB17-4770-4620-B1FB-279BD109A04D}.AppStore|ARM.ActiveCfg = Release|Any CPU
		{3935FB17-4770-4620-B1FB-279BD109A04D}.AppStore|ARM.Build.0 = Release|Any CPU
		{3935FB17-4770-4620-B1FB-279BD109A04D}.AppStore|ARM.Deploy.0 = Release|Any CPU
		{3935FB17-4770-4620-B1FB-279BD109A04D}.AppStore|iPhone.ActiveCfg = Release|Any CPU
		{3935FB17-4770-4620-B1FB-279BD109A04D}.AppStore|iPhone.Build.0 = Release|Any CPU
		{3935FB17-4770-4620-B1FB-279BD109A04D}.AppStore|iPhone.Deploy.0 = Release|Any CPU
		{3935FB17-4770-4620-B1FB-279BD109A04D}.AppStore|iPhoneSimulator.ActiveCfg = Release|Any CPU
		{3935FB17-4770-4620-B1FB-279BD109A04D}.AppStore|iPhoneSimulator.Build.0 = Release|Any CPU
		{3935FB17-4770-4620-B1FB-279BD109A04D}.AppStore|iPhoneSimulator.Deploy.0 = Release|Any CPU
		{3935FB17-4770-4620-B1FB-279BD109A04D}.AppStore|x64.ActiveCfg = Release|Any CPU
		{3935FB17-4770-4620-B1FB-279BD109A04D}.AppStore|x64.Build.0 = Release|Any CPU
		{3935FB17-4770-4620-B1FB-279BD109A04D}.AppStore|x64.Deploy.0 = Release|Any CPU
		{3935FB17-4770-4620-B1FB-279BD109A04D}.AppStore|x86.ActiveCfg = Release|Any CPU
		{3935FB17-4770-4620-B1FB-279BD109A04D}.AppStore|x86.Build.0 = Release|Any CPU
		{3935FB17-4770-4620-B1FB-279BD109A04D}.AppStore|x86.Deploy.0 = Release|Any CPU
		{3935FB17-4770-4620-B1FB-279BD109A04D}.Debug|Any CPU.ActiveCfg = Debug|Any CPU
		{3935FB17-4770-4620-B1FB-279BD109A04D}.Debug|Any CPU.Build.0 = Debug|Any CPU
		{3935FB17-4770-4620-B1FB-279BD109A04D}.Debug|Any CPU.Deploy.0 = Debug|Any CPU
		{3935FB17-4770-4620-B1FB-279BD109A04D}.Debug|ARM.ActiveCfg = Debug|Any CPU
		{3935FB17-4770-4620-B1FB-279BD109A04D}.Debug|ARM.Build.0 = Debug|Any CPU
		{3935FB17-4770-4620-B1FB-279BD109A04D}.Debug|ARM.Deploy.0 = Debug|Any CPU
		{3935FB17-4770-4620-B1FB-279BD109A04D}.Debug|iPhone.ActiveCfg = Debug|Any CPU
		{3935FB17-4770-4620-B1FB-279BD109A04D}.Debug|iPhone.Build.0 = Debug|Any CPU
		{3935FB17-4770-4620-B1FB-279BD109A04D}.Debug|iPhone.Deploy.0 = Debug|Any CPU
		{3935FB17-4770-4620-B1FB-279BD109A04D}.Debug|iPhoneSimulator.ActiveCfg = Debug|Any CPU
		{3935FB17-4770-4620-B1FB-279BD109A04D}.Debug|iPhoneSimulator.Build.0 = Debug|Any CPU
		{3935FB17-4770-4620-B1FB-279BD109A04D}.Debug|iPhoneSimulator.Deploy.0 = Debug|Any CPU
		{3935FB17-4770-4620-B1FB-279BD109A04D}.Debug|x64.ActiveCfg = Debug|Any CPU
		{3935FB17-4770-4620-B1FB-279BD109A04D}.Debug|x64.Build.0 = Debug|Any CPU
		{3935FB17-4770-4620-B1FB-279BD109A04D}.Debug|x64.Deploy.0 = Debug|Any CPU
		{3935FB17-4770-4620-B1FB-279BD109A04D}.Debug|x86.ActiveCfg = Debug|Any CPU
		{3935FB17-4770-4620-B1FB-279BD109A04D}.Debug|x86.Build.0 = Debug|Any CPU
		{3935FB17-4770-4620-B1FB-279BD109A04D}.Debug|x86.Deploy.0 = Debug|Any CPU
		{3935FB17-4770-4620-B1FB-279BD109A04D}.Release|Any CPU.ActiveCfg = Release|Any CPU
		{3935FB17-4770-4620-B1FB-279BD109A04D}.Release|Any CPU.Build.0 = Release|Any CPU
		{3935FB17-4770-4620-B1FB-279BD109A04D}.Release|Any CPU.Deploy.0 = Release|Any CPU
		{3935FB17-4770-4620-B1FB-279BD109A04D}.Release|ARM.ActiveCfg = Release|Any CPU
		{3935FB17-4770-4620-B1FB-279BD109A04D}.Release|ARM.Build.0 = Release|Any CPU
		{3935FB17-4770-4620-B1FB-279BD109A04D}.Release|ARM.Deploy.0 = Release|Any CPU
		{3935FB17-4770-4620-B1FB-279BD109A04D}.Release|iPhone.ActiveCfg = Release|Any CPU
		{3935FB17-4770-4620-B1FB-279BD109A04D}.Release|iPhone.Build.0 = Release|Any CPU
		{3935FB17-4770-4620-B1FB-279BD109A04D}.Release|iPhone.Deploy.0 = Release|Any CPU
		{3935FB17-4770-4620-B1FB-279BD109A04D}.Release|iPhoneSimulator.ActiveCfg = Release|Any CPU
		{3935FB17-4770-4620-B1FB-279BD109A04D}.Release|iPhoneSimulator.Build.0 = Release|Any CPU
		{3935FB17-4770-4620-B1FB-279BD109A04D}.Release|iPhoneSimulator.Deploy.0 = Release|Any CPU
		{3935FB17-4770-4620-B1FB-279BD109A04D}.Release|x64.ActiveCfg = Release|Any CPU
		{3935FB17-4770-4620-B1FB-279BD109A04D}.Release|x64.Build.0 = Release|Any CPU
		{3935FB17-4770-4620-B1FB-279BD109A04D}.Release|x64.Deploy.0 = Release|Any CPU
		{3935FB17-4770-4620-B1FB-279BD109A04D}.Release|x86.ActiveCfg = Release|Any CPU
		{3935FB17-4770-4620-B1FB-279BD109A04D}.Release|x86.Build.0 = Release|Any CPU
		{3935FB17-4770-4620-B1FB-279BD109A04D}.Release|x86.Deploy.0 = Release|Any CPU
		{A980D1D9-34B4-40A7-8AD7-F802027D0F97}.Ad-Hoc|Any CPU.ActiveCfg = Ad-Hoc|iPhone
		{A980D1D9-34B4-40A7-8AD7-F802027D0F97}.Ad-Hoc|ARM.ActiveCfg = Ad-Hoc|iPhone
		{A980D1D9-34B4-40A7-8AD7-F802027D0F97}.Ad-Hoc|iPhone.ActiveCfg = Ad-Hoc|iPhone
		{A980D1D9-34B4-40A7-8AD7-F802027D0F97}.Ad-Hoc|iPhone.Build.0 = Ad-Hoc|iPhone
		{A980D1D9-34B4-40A7-8AD7-F802027D0F97}.Ad-Hoc|iPhoneSimulator.ActiveCfg = Ad-Hoc|iPhoneSimulator
		{A980D1D9-34B4-40A7-8AD7-F802027D0F97}.Ad-Hoc|iPhoneSimulator.Build.0 = Ad-Hoc|iPhoneSimulator
		{A980D1D9-34B4-40A7-8AD7-F802027D0F97}.Ad-Hoc|x64.ActiveCfg = Ad-Hoc|iPhone
		{A980D1D9-34B4-40A7-8AD7-F802027D0F97}.Ad-Hoc|x86.ActiveCfg = Ad-Hoc|iPhone
		{A980D1D9-34B4-40A7-8AD7-F802027D0F97}.AppStore|Any CPU.ActiveCfg = AppStore|iPhone
		{A980D1D9-34B4-40A7-8AD7-F802027D0F97}.AppStore|ARM.ActiveCfg = AppStore|iPhone
		{A980D1D9-34B4-40A7-8AD7-F802027D0F97}.AppStore|iPhone.ActiveCfg = AppStore|iPhone
		{A980D1D9-34B4-40A7-8AD7-F802027D0F97}.AppStore|iPhone.Build.0 = AppStore|iPhone
		{A980D1D9-34B4-40A7-8AD7-F802027D0F97}.AppStore|iPhoneSimulator.ActiveCfg = AppStore|iPhoneSimulator
		{A980D1D9-34B4-40A7-8AD7-F802027D0F97}.AppStore|iPhoneSimulator.Build.0 = AppStore|iPhoneSimulator
		{A980D1D9-34B4-40A7-8AD7-F802027D0F97}.AppStore|x64.ActiveCfg = AppStore|iPhone
		{A980D1D9-34B4-40A7-8AD7-F802027D0F97}.AppStore|x86.ActiveCfg = AppStore|iPhone
		{A980D1D9-34B4-40A7-8AD7-F802027D0F97}.Debug|Any CPU.ActiveCfg = Debug|iPhone
		{A980D1D9-34B4-40A7-8AD7-F802027D0F97}.Debug|ARM.ActiveCfg = Debug|iPhone
		{A980D1D9-34B4-40A7-8AD7-F802027D0F97}.Debug|iPhone.ActiveCfg = Debug|iPhone
		{A980D1D9-34B4-40A7-8AD7-F802027D0F97}.Debug|iPhone.Build.0 = Debug|iPhone
		{A980D1D9-34B4-40A7-8AD7-F802027D0F97}.Debug|iPhoneSimulator.ActiveCfg = Debug|iPhoneSimulator
		{A980D1D9-34B4-40A7-8AD7-F802027D0F97}.Debug|iPhoneSimulator.Build.0 = Debug|iPhoneSimulator
		{A980D1D9-34B4-40A7-8AD7-F802027D0F97}.Debug|x64.ActiveCfg = Debug|iPhone
		{A980D1D9-34B4-40A7-8AD7-F802027D0F97}.Debug|x86.ActiveCfg = Debug|iPhone
		{A980D1D9-34B4-40A7-8AD7-F802027D0F97}.Release|Any CPU.ActiveCfg = Release|iPhone
		{A980D1D9-34B4-40A7-8AD7-F802027D0F97}.Release|ARM.ActiveCfg = Release|iPhone
		{A980D1D9-34B4-40A7-8AD7-F802027D0F97}.Release|iPhone.ActiveCfg = Release|iPhone
		{A980D1D9-34B4-40A7-8AD7-F802027D0F97}.Release|iPhone.Build.0 = Release|iPhone
		{A980D1D9-34B4-40A7-8AD7-F802027D0F97}.Release|iPhoneSimulator.ActiveCfg = Release|iPhoneSimulator
		{A980D1D9-34B4-40A7-8AD7-F802027D0F97}.Release|iPhoneSimulator.Build.0 = Release|iPhoneSimulator
		{A980D1D9-34B4-40A7-8AD7-F802027D0F97}.Release|x64.ActiveCfg = Release|iPhone
		{A980D1D9-34B4-40A7-8AD7-F802027D0F97}.Release|x86.ActiveCfg = Release|iPhone
	EndGlobalSection
	GlobalSection(SolutionProperties) = preSolution
		HideSolutionNode = FALSE
	EndGlobalSection
EndGlobal
